
Microsoft Visual Studio Solution File, Format Version 12.00
# Visual Studio Version 16
VisualStudioVersion = 16.0.29509.3
MinimumVisualStudioVersion = 10.0.40219.1
Project("{FAE04EC0-301F-11D3-BF4B-00C04F79EFBC}") = "SQLDataReader", "SQLDataReader.csproj", "{9740994C-12FF-4FCE-93DB-BC76D6A101D7}"
EndProject
Global
	GlobalSection(SolutionConfigurationPlatforms) = preSolution
		Debug|Any CPU = Debug|Any CPU
		Release|Any CPU = Release|Any CPU
	EndGlobalSection
	GlobalSection(ProjectConfigurationPlatforms) = postSolution
		{9740994C-12FF-4FCE-93DB-BC76D6A101D7}.Debug|Any CPU.ActiveCfg = Debug|Any CPU
		{9740994C-12FF-4FCE-93DB-BC76D6A101D7}.Debug|Any CPU.Build.0 = Debug|Any CPU
		{9740994C-12FF-4FCE-93DB-BC76D6A101D7}.Release|Any CPU.ActiveCfg = Release|Any CPU
		{9740994C-12FF-4FCE-93DB-BC76D6A101D7}.Release|Any CPU.Build.0 = Release|Any CPU
	EndGlobalSection
	GlobalSection(SolutionProperties) = preSolution
		HideSolutionNode = FALSE
	EndGlobalSection
	GlobalSection(ExtensibilityGlobals) = postSolution
		SolutionGuid = {5C0628CF-BF7C-47AE-AC4D-6F745CF1B52C}
	EndGlobalSection
EndGlobal
